
Microsoft Visual Studio Solution File, Format Version 12.00
# Visual Studio Version 17
VisualStudioVersion = 17.10.35013.160
MinimumVisualStudioVersion = 10.0.40219.1
Project("{9A19103F-16F7-4668-BE54-9A1E7A4F7556}") = "WebApi.Ecommerce", "WebApi.Ecommerce\WebApi.Ecommerce.csproj", "{6217F966-6621-4353-8B38-5A4424DFCD90}"
EndProject
Project("{FAE04EC0-301F-11D3-BF4B-00C04F79EFBC}") = "Domain.Ecommerce", "Domain.Ecommerce\Domain.Ecommerce.csproj", "{C136090F-514F-43FB-8832-53EF3C43353B}"
EndProject
Global
	GlobalSection(SolutionConfigurationPlatforms) = preSolution
		Debug|Any CPU = Debug|Any CPU
		Release|Any CPU = Release|Any CPU
	EndGlobalSection
	GlobalSection(ProjectConfigurationPlatforms) = postSolution
		{6217F966-6621-4353-8B38-5A4424DFCD90}.Debug|Any CPU.ActiveCfg = Debug|Any CPU
		{6217F966-6621-4353-8B38-5A4424DFCD90}.Debug|Any CPU.Build.0 = Debug|Any CPU
		{6217F966-6621-4353-8B38-5A4424DFCD90}.Release|Any CPU.ActiveCfg = Release|Any CPU
		{6217F966-6621-4353-8B38-5A4424DFCD90}.Release|Any CPU.Build.0 = Release|Any CPU
		{C136090F-514F-43FB-8832-53EF3C43353B}.Debug|Any CPU.ActiveCfg = Debug|Any CPU
		{C136090F-514F-43FB-8832-53EF3C43353B}.Debug|Any CPU.Build.0 = Debug|Any CPU
		{C136090F-514F-43FB-8832-53EF3C43353B}.Release|Any CPU.ActiveCfg = Release|Any CPU
		{C136090F-514F-43FB-8832-53EF3C43353B}.Release|Any CPU.Build.0 = Release|Any CPU
	EndGlobalSection
	GlobalSection(SolutionProperties) = preSolution
		HideSolutionNode = FALSE
	EndGlobalSection
	GlobalSection(ExtensibilityGlobals) = postSolution
		SolutionGuid = {A602E6D9-2770-4E73-8CCB-45CCD7EEE818}
	EndGlobalSection
EndGlobal
